// !$*UTF8*$!
{
	archiveVersion = 1;
	classes = {
	};
	objectVersion = 46;
	objects = {

/* Begin PBXBuildFile section */
		86DC3B131952423300D1184E /* Foundation.framework in Frameworks */ = {isa = PBXBuildFile; fileRef = 86DC3B121952423300D1184E /* Foundation.framework */; };
		86DC3B151952423300D1184E /* CoreGraphics.framework in Frameworks */ = {isa = PBXBuildFile; fileRef = 86DC3B141952423300D1184E /* CoreGraphics.framework */; };
		86DC3B171952423300D1184E /* UIKit.framework in Frameworks */ = {isa = PBXBuildFile; fileRef = 86DC3B161952423300D1184E /* UIKit.framework */; };
		86DC3B1D1952423300D1184E /* InfoPlist.strings in Resources */ = {isa = PBXBuildFile; fileRef = 86DC3B1B1952423300D1184E /* InfoPlist.strings */; };
		86DC3B1F1952423300D1184E /* main.m in Sources */ = {isa = PBXBuildFile; fileRef = 86DC3B1E1952423300D1184E /* main.m */; };
		86DC3B231952423300D1184E /* PFAppDelegate.m in Sources */ = {isa = PBXBuildFile; fileRef = 86DC3B221952423300D1184E /* PFAppDelegate.m */; };
		86DC3B261952423300D1184E /* Main.storyboard in Resources */ = {isa = PBXBuildFile; fileRef = 86DC3B241952423300D1184E /* Main.storyboard */; };
		86DC3B291952423300D1184E /* PFViewController.m in Sources */ = {isa = PBXBuildFile; fileRef = 86DC3B281952423300D1184E /* PFViewController.m */; };
		86DC3B2B1952423300D1184E /* Images.xcassets in Resources */ = {isa = PBXBuildFile; fileRef = 86DC3B2A1952423300D1184E /* Images.xcassets */; };
		86DC3B321952423300D1184E /* XCTest.framework in Frameworks */ = {isa = PBXBuildFile; fileRef = 86DC3B311952423300D1184E /* XCTest.framework */; };
		86DC3B331952423300D1184E /* Foundation.framework in Frameworks */ = {isa = PBXBuildFile; fileRef = 86DC3B121952423300D1184E /* Foundation.framework */; };
		86DC3B341952423300D1184E /* UIKit.framework in Frameworks */ = {isa = PBXBuildFile; fileRef = 86DC3B161952423300D1184E /* UIKit.framework */; };
		86DC3B3C1952423300D1184E /* InfoPlist.strings in Resources */ = {isa = PBXBuildFile; fileRef = 86DC3B3A1952423300D1184E /* InfoPlist.strings */; };
		86DC3B3E1952423300D1184E /* PrivateFolderTests.m in Sources */ = {isa = PBXBuildFile; fileRef = 86DC3B3D1952423300D1184E /* PrivateFolderTests.m */; };
/* End PBXBuildFile section */

/* Begin PBXContainerItemProxy section */
		86DC3B351952423300D1184E /* PBXContainerItemProxy */ = {
			isa = PBXContainerItemProxy;
			containerPortal = 86DC3B071952423300D1184E /* Project object */;
			proxyType = 1;
			remoteGlobalIDString = 86DC3B0E1952423300D1184E;
			remoteInfo = PrivateFolder;
		};
/* End PBXContainerItemProxy section */

/* Begin PBXFileReference section */
		86DC3B0F1952423300D1184E /* PrivateFolder.app */ = {isa = PBXFileReference; explicitFileType = wrapper.application; includeInIndex = 0; path = PrivateFolder.app; sourceTree = BUILT_PRODUCTS_DIR; };
		86DC3B121952423300D1184E /* Foundation.framework */ = {isa = PBXFileReference; lastKnownFileType = wrapper.framework; name = Foundation.framework; path = System/Library/Frameworks/Foundation.framework; sourceTree = SDKROOT; };
		86DC3B141952423300D1184E /* CoreGraphics.framework */ = {isa = PBXFileReference; lastKnownFileType = wrapper.framework; name = CoreGraphics.framework; path = System/Library/Frameworks/CoreGraphics.framework; sourceTree = SDKROOT; };
		86DC3B161952423300D1184E /* UIKit.framework */ = {isa = PBXFileReference; lastKnownFileType = wrapper.framework; name = UIKit.framework; path = System/Library/Frameworks/UIKit.framework; sourceTree = SDKROOT; };
		86DC3B1A1952423300D1184E /* PrivateFolder-Info.plist */ = {isa = PBXFileReference; lastKnownFileType = text.plist.xml; path = "PrivateFolder-Info.plist"; sourceTree = "<group>"; };
		86DC3B1C1952423300D1184E /* en */ = {isa = PBXFileReference; lastKnownFileType = text.plist.strings; name = en; path = en.lproj/InfoPlist.strings; sourceTree = "<group>"; };
		86DC3B1E1952423300D1184E /* main.m */ = {isa = PBXFileReference; lastKnownFileType = sourcecode.c.objc; path = main.m; sourceTree = "<group>"; };
		86DC3B201952423300D1184E /* PrivateFolder-Prefix.pch */ = {isa = PBXFileReference; lastKnownFileType = sourcecode.c.h; path = "PrivateFolder-Prefix.pch"; sourceTree = "<group>"; };
		86DC3B211952423300D1184E /* PFAppDelegate.h */ = {isa = PBXFileReference; lastKnownFileType = sourcecode.c.h; path = PFAppDelegate.h; sourceTree = "<group>"; };
		86DC3B221952423300D1184E /* PFAppDelegate.m */ = {isa = PBXFileReference; lastKnownFileType = sourcecode.c.objc; path = PFAppDelegate.m; sourceTree = "<group>"; };
		86DC3B251952423300D1184E /* Base */ = {isa = PBXFileReference; lastKnownFileType = file.storyboard; name = Base; path = Base.lproj/Main.storyboard; sourceTree = "<group>"; };
		86DC3B271952423300D1184E /* PFViewController.h */ = {isa = PBXFileReference; lastKnownFileType = sourcecode.c.h; path = PFViewController.h; sourceTree = "<group>"; };
		86DC3B281952423300D1184E /* PFViewController.m */ = {isa = PBXFileReference; lastKnownFileType = sourcecode.c.objc; path = PFViewController.m; sourceTree = "<group>"; };
		86DC3B2A1952423300D1184E /* Images.xcassets */ = {isa = PBXFileReference; lastKnownFileType = folder.assetcatalog; path = Images.xcassets; sourceTree = "<group>"; };
		86DC3B301952423300D1184E /* PrivateFolderTests.xctest */ = {isa = PBXFileReference; explicitFileType = wrapper.cfbundle; includeInIndex = 0; path = PrivateFolderTests.xctest; sourceTree = BUILT_PRODUCTS_DIR; };
		86DC3B311952423300D1184E /* XCTest.framework */ = {isa = PBXFileReference; lastKnownFileType = wrapper.framework; name = XCTest.framework; path = Library/Frameworks/XCTest.framework; sourceTree = DEVELOPER_DIR; };
		86DC3B391952423300D1184E /* PrivateFolderTests-Info.plist */ = {isa = PBXFileReference; lastKnownFileType = text.plist.xml; path = "PrivateFolderTests-Info.plist"; sourceTree = "<group>"; };
		86DC3B3B1952423300D1184E /* en */ = {isa = PBXFileReference; lastKnownFileType = text.plist.strings; name = en; path = en.lproj/InfoPlist.strings; sourceTree = "<group>"; };
		86DC3B3D1952423300D1184E /* PrivateFolderTests.m */ = {isa = PBXFileReference; lastKnownFileType = sourcecode.c.objc; path = PrivateFolderTests.m; sourceTree = "<group>"; };
/* End PBXFileReference section */

/* Begin PBXFrameworksBuildPhase section */
		86DC3B0C1952423300D1184E /* Frameworks */ = {
			isa = PBXFrameworksBuildPhase;
			buildActionMask = 2147483647;
			files = (
				86DC3B151952423300D1184E /* CoreGraphics.framework in Frameworks */,
				86DC3B171952423300D1184E /* UIKit.framework in Frameworks */,
				86DC3B131952423300D1184E /* Foundation.framework in Frameworks */,
			);
			runOnlyForDeploymentPostprocessing = 0;
		};
		86DC3B2D1952423300D1184E /* Frameworks */ = {
			isa = PBXFrameworksBuildPhase;
			buildActionMask = 2147483647;
			files = (
				86DC3B321952423300D1184E /* XCTest.framework in Frameworks */,
				86DC3B341952423300D1184E /* UIKit.framework in Frameworks */,
				86DC3B331952423300D1184E /* Foundation.framework in Frameworks */,
			);
			runOnlyForDeploymentPostprocessing = 0;
		};
/* End PBXFrameworksBuildPhase section */

/* Begin PBXGroup section */
		86DC3B061952423300D1184E = {
			isa = PBXGroup;
			children = (
				86DC3B181952423300D1184E /* PrivateFolder */,
				86DC3B371952423300D1184E /* PrivateFolderTests */,
				86DC3B111952423300D1184E /* Frameworks */,
				86DC3B101952423300D1184E /* Products */,
			);
			sourceTree = "<group>";
		};
		86DC3B101952423300D1184E /* Products */ = {
			isa = PBXGroup;
			children = (
				86DC3B0F1952423300D1184E /* PrivateFolder.app */,
				86DC3B301952423300D1184E /* PrivateFolderTests.xctest */,
			);
			name = Products;
			sourceTree = "<group>";
		};
		86DC3B111952423300D1184E /* Frameworks */ = {
			isa = PBXGroup;
			children = (
				86DC3B121952423300D1184E /* Foundation.framework */,
				86DC3B141952423300D1184E /* CoreGraphics.framework */,
				86DC3B161952423300D1184E /* UIKit.framework */,
				86DC3B311952423300D1184E /* XCTest.framework */,
			);
			name = Frameworks;
			sourceTree = "<group>";
		};
		86DC3B181952423300D1184E /* PrivateFolder */ = {
			isa = PBXGroup;
			children = (
				86DC3B211952423300D1184E /* PFAppDelegate.h */,
				86DC3B221952423300D1184E /* PFAppDelegate.m */,
				86DC3B241952423300D1184E /* Main.storyboard */,
				86DC3B271952423300D1184E /* PFViewController.h */,
				86DC3B281952423300D1184E /* PFViewController.m */,
				86DC3B2A1952423300D1184E /* Images.xcassets */,
				86DC3B191952423300D1184E /* Supporting Files */,
			);
			path = PrivateFolder;
			sourceTree = "<group>";
		};
		86DC3B191952423300D1184E /* Supporting Files */ = {
			isa = PBXGroup;
			children = (
				86DC3B1A1952423300D1184E /* PrivateFolder-Info.plist */,
				86DC3B1B1952423300D1184E /* InfoPlist.strings */,
				86DC3B1E1952423300D1184E /* main.m */,
				86DC3B201952423300D1184E /* PrivateFolder-Prefix.pch */,
			);
			name = "Supporting Files";
			sourceTree = "<group>";
		};
		86DC3B371952423300D1184E /* PrivateFolderTests */ = {
			isa = PBXGroup;
			children = (
				86DC3B3D1952423300D1184E /* PrivateFolderTests.m */,
				86DC3B381952423300D1184E /* Supporting Files */,
			);
			path = PrivateFolderTests;
			sourceTree = "<group>";
		};
		86DC3B381952423300D1184E /* Supporting Files */ = {
			isa = PBXGroup;
			children = (
				86DC3B391952423300D1184E /* PrivateFolderTests-Info.plist */,
				86DC3B3A1952423300D1184E /* InfoPlist.strings */,
			);
			name = "Supporting Files";
			sourceTree = "<group>";
		};
/* End PBXGroup section */

/* Begin PBXNativeTarget section */
		86DC3B0E1952423300D1184E /* PrivateFolder */ = {
			isa = PBXNativeTarget;
			buildConfigurationList = 86DC3B411952423300D1184E /* Build configuration list for PBXNativeTarget "PrivateFolder" */;
			buildPhases = (
				86DC3B0B1952423300D1184E /* Sources */,
				86DC3B0C1952423300D1184E /* Frameworks */,
				86DC3B0D1952423300D1184E /* Resources */,
			);
			buildRules = (
			);
			dependencies = (
			);
			name = PrivateFolder;
			productName = PrivateFolder;
			productReference = 86DC3B0F1952423300D1184E /* PrivateFolder.app */;
			productType = "com.apple.product-type.application";
		};
		86DC3B2F1952423300D1184E /* PrivateFolderTests */ = {
			isa = PBXNativeTarget;
			buildConfigurationList = 86DC3B441952423300D1184E /* Build configuration list for PBXNativeTarget "PrivateFolderTests" */;
			buildPhases = (
				86DC3B2C1952423300D1184E /* Sources */,
				86DC3B2D1952423300D1184E /* Frameworks */,
				86DC3B2E1952423300D1184E /* Resources */,
			);
			buildRules = (
			);
			dependencies = (
				86DC3B361952423300D1184E /* PBXTargetDependency */,
			);
			name = PrivateFolderTests;
			productName = PrivateFolderTests;
			productReference = 86DC3B301952423300D1184E /* PrivateFolderTests.xctest */;
			productType = "com.apple.product-type.bundle.unit-test";
		};
/* End PBXNativeTarget section */

/* Begin PBXProject section */
		86DC3B071952423300D1184E /* Project object */ = {
			isa = PBXProject;
			attributes = {
				CLASSPREFIX = PF;
				LastUpgradeCheck = 0510;
				ORGANIZATIONNAME = "Jon Como";
				TargetAttributes = {
					86DC3B2F1952423300D1184E = {
						TestTargetID = 86DC3B0E1952423300D1184E;
					};
				};
			};
			buildConfigurationList = 86DC3B0A1952423300D1184E /* Build configuration list for PBXProject "PrivateFolder" */;
			compatibilityVersion = "Xcode 3.2";
			developmentRegion = English;
			hasScannedForEncodings = 0;
			knownRegions = (
				en,
				Base,
			);
			mainGroup = 86DC3B061952423300D1184E;
			productRefGroup = 86DC3B101952423300D1184E /* Products */;
			projectDirPath = "";
			projectRoot = "";
			targets = (
				86DC3B0E1952423300D1184E /* PrivateFolder */,
				86DC3B2F1952423300D1184E /* PrivateFolderTests */,
			);
		};
/* End PBXProject section */

/* Begin PBXResourcesBuildPhase section */
		86DC3B0D1952423300D1184E /* Resources */ = {
			isa = PBXResourcesBuildPhase;
			buildActionMask = 2147483647;
			files = (
				86DC3B2B1952423300D1184E /* Images.xcassets in Resources */,
				86DC3B1D1952423300D1184E /* InfoPlist.strings in Resources */,
				86DC3B261952423300D1184E /* Main.storyboard in Resources */,
			);
			runOnlyForDeploymentPostprocessing = 0;
		};
		86DC3B2E1952423300D1184E /* Resources */ = {
			isa = PBXResourcesBuildPhase;
			buildActionMask = 2147483647;
			files = (
				86DC3B3C1952423300D1184E /* InfoPlist.strings in Resources */,
			);
			runOnlyForDeploymentPostprocessing = 0;
		};
/* End PBXResourcesBuildPhase section */

/* Begin PBXSourcesBuildPhase section */
		86DC3B0B1952423300D1184E /* Sources */ = {
			isa = PBXSourcesBuildPhase;
			buildActionMask = 2147483647;
			files = (
				86DC3B231952423300D1184E /* PFAppDelegate.m in Sources */,
				86DC3B291952423300D1184E /* PFViewController.m in Sources */,
				86DC3B1F1952423300D1184E /* main.m in Sources */,
			);
			runOnlyForDeploymentPostprocessing = 0;
		};
		86DC3B2C1952423300D1184E /* Sources */ = {
			isa = PBXSourcesBuildPhase;
			buildActionMask = 2147483647;
			files = (
				86DC3B3E1952423300D1184E /* PrivateFolderTests.m in Sources */,
			);
			runOnlyForDeploymentPostprocessing = 0;
		};
/* End PBXSourcesBuildPhase section */

/* Begin PBXTargetDependency section */
		86DC3B361952423300D1184E /* PBXTargetDependency */ = {
			isa = PBXTargetDependency;
			target = 86DC3B0E1952423300D1184E /* PrivateFolder */;
			targetProxy = 86DC3B351952423300D1184E /* PBXContainerItemProxy */;
		};
/* End PBXTargetDependency section */

/* Begin PBXVariantGroup section */
		86DC3B1B1952423300D1184E /* InfoPlist.strings */ = {
			isa = PBXVariantGroup;
			children = (
				86DC3B1C1952423300D1184E /* en */,
			);
			name = InfoPlist.strings;
			sourceTree = "<group>";
		};
		86DC3B241952423300D1184E /* Main.storyboard */ = {
			isa = PBXVariantGroup;
			children = (
				86DC3B251952423300D1184E /* Base */,
			);
			name = Main.storyboard;
			sourceTree = "<group>";
		};
		86DC3B3A1952423300D1184E /* InfoPlist.strings */ = {
			isa = PBXVariantGroup;
			children = (
				86DC3B3B1952423300D1184E /* en */,
			);
			name = InfoPlist.strings;
			sourceTree = "<group>";
		};
/* End PBXVariantGroup section */

/* Begin XCBuildConfiguration section */
		86DC3B3F1952423300D1184E /* Debug */ = {
			isa = XCBuildConfiguration;
			buildSettings = {
				ALWAYS_SEARCH_USER_PATHS = NO;
				CLANG_CXX_LANGUAGE_STANDARD = "gnu++0x";
				CLANG_CXX_LIBRARY = "libc++";
				CLANG_ENABLE_MODULES = YES;
				CLANG_ENABLE_OBJC_ARC = YES;
				CLANG_WARN_BOOL_CONVERSION = YES;
				CLANG_WARN_CONSTANT_CONVERSION = YES;
				CLANG_WARN_DIRECT_OBJC_ISA_USAGE = YES_ERROR;
				CLANG_WARN_EMPTY_BODY = YES;
				CLANG_WARN_ENUM_CONVERSION = YES;
				CLANG_WARN_INT_CONVERSION = YES;
				CLANG_WARN_OBJC_ROOT_CLASS = YES_ERROR;
				CLANG_WARN__DUPLICATE_METHOD_MATCH = YES;
				"CODE_SIGN_IDENTITY[sdk=iphoneos*]" = "iPhone Developer";
				COPY_PHASE_STRIP = NO;
				GCC_C_LANGUAGE_STANDARD = gnu99;
				GCC_DYNAMIC_NO_PIC = NO;
				GCC_OPTIMIZATION_LEVEL = 0;
				GCC_PREPROCESSOR_DEFINITIONS = (
					"DEBUG=1",
					"$(inherited)",
				);
				GCC_SYMBOLS_PRIVATE_EXTERN = NO;
				GCC_WARN_64_TO_32_BIT_CONVERSION = YES;
				GCC_WARN_ABOUT_RETURN_TYPE = YES_ERROR;
				GCC_WARN_UNDECLARED_SELECTOR = YES;
				GCC_WARN_UNINITIALIZED_AUTOS = YES_AGGRESSIVE;
				GCC_WARN_UNUSED_FUNCTION = YES;
				GCC_WARN_UNUSED_VARIABLE = YES;
				IPHONEOS_DEPLOYMENT_TARGET = 7.1;
				ONLY_ACTIVE_ARCH = YES;
				SDKROOT = iphoneos;
			};
			name = Debug;
		};
		86DC3B401952423300D1184E /* Release */ = {
			isa = XCBuildConfiguration;
			buildSettings = {
				ALWAYS_SEARCH_USER_PATHS = NO;
				CLANG_CXX_LANGUAGE_STANDARD = "gnu++0x";
				CLANG_CXX_LIBRARY = "libc++";
				CLANG_ENABLE_MODULES = YES;
				CLANG_ENABLE_OBJC_ARC = YES;
				CLANG_WARN_BOOL_CONVERSION = YES;
				CLANG_WARN_CONSTANT_CONVERSION = YES;
				CLANG_WARN_DIRECT_OBJC_ISA_USAGE = YES_ERROR;
				CLANG_WARN_EMPTY_BODY = YES;
				CLANG_WARN_ENUM_CONVERSION = YES;
				CLANG_WARN_INT_CONVERSION = YES;
				CLANG_WARN_OBJC_ROOT_CLASS = YES_ERROR;
				CLANG_WARN__DUPLICATE_METHOD_MATCH = YES;
				"CODE_SIGN_IDENTITY[sdk=iphoneos*]" = "iPhone Developer";
				COPY_PHASE_STRIP = YES;
				ENABLE_NS_ASSERTIONS = NO;
				GCC_C_LANGUAGE_STANDARD = gnu99;
				GCC_WARN_64_TO_32_BIT_CONVERSION = YES;
				GCC_WARN_ABOUT_RETURN_TYPE = YES_ERROR;
				GCC_WARN_UNDECLARED_SELECTOR = YES;
				GCC_WARN_UNINITIALIZED_AUTOS = YES_AGGRESSIVE;
				GCC_WARN_UNUSED_FUNCTION = YES;
				GCC_WARN_UNUSED_VARIABLE = YES;
				IPHONEOS_DEPLOYMENT_TARGET = 7.1;
				SDKROOT = iphoneos;
				VALIDATE_PRODUCT = YES;
			};
			name = Release;
		};
		86DC3B421952423300D1184E /* Debug */ = {
			isa = XCBuildConfiguration;
			buildSettings = {
				ASSETCATALOG_COMPILER_APPICON_NAME = AppIcon;
				ASSETCATALOG_COMPILER_LAUNCHIMAGE_NAME = LaunchImage;
				GCC_PRECOMPILE_PREFIX_HEADER = YES;
				GCC_PREFIX_HEADER = "PrivateFolder/PrivateFolder-Prefix.pch";
				INFOPLIST_FILE = "PrivateFolder/PrivateFolder-Info.plist";
				PRODUCT_NAME = "$(TARGET_NAME)";
				WRAPPER_EXTENSION = app;
			};
			name = Debug;
		};
		86DC3B431952423300D1184E /* Release */ = {
			isa = XCBuildConfiguration;
			buildSettings = {
				ASSETCATALOG_COMPILER_APPICON_NAME = AppIcon;
				ASSETCATALOG_COMPILER_LAUNCHIMAGE_NAME = LaunchImage;
				GCC_PRECOMPILE_PREFIX_HEADER = YES;
				GCC_PREFIX_HEADER = "PrivateFolder/PrivateFolder-Prefix.pch";
				INFOPLIST_FILE = "PrivateFolder/PrivateFolder-Info.plist";
				PRODUCT_NAME = "$(TARGET_NAME)";
				WRAPPER_EXTENSION = app;
			};
			name = Release;
		};
		86DC3B451952423300D1184E /* Debug */ = {
			isa = XCBuildConfiguration;
			buildSettings = {
				BUNDLE_LOADER = "$(BUILT_PRODUCTS_DIR)/PrivateFolder.app/PrivateFolder";
				FRAMEWORK_SEARCH_PATHS = (
					"$(SDKROOT)/Developer/Library/Frameworks",
					"$(inherited)",
					"$(DEVELOPER_FRAMEWORKS_DIR)",
				);
				GCC_PRECOMPILE_PREFIX_HEADER = YES;
				GCC_PREFIX_HEADER = "PrivateFolder/PrivateFolder-Prefix.pch";
				GCC_PREPROCESSOR_DEFINITIONS = (
					"DEBUG=1",
					"$(inherited)",
				);
				INFOPLIST_FILE = "PrivateFolderTests/PrivateFolderTests-Info.plist";
				PRODUCT_NAME = "$(TARGET_NAME)";
				TEST_HOST = "$(BUNDLE_LOADER)";
				WRAPPER_EXTENSION = xctest;
			};
			name = Debug;
		};
		86DC3B461952423300D1184E /* Release */ = {
			isa = XCBuildConfiguration;
			buildSettings = {
				BUNDLE_LOADER = "$(BUILT_PRODUCTS_DIR)/PrivateFolder.app/PrivateFolder";
				FRAMEWORK_SEARCH_PATHS = (
					"$(SDKROOT)/Developer/Library/Frameworks",
					"$(inherited)",
					"$(DEVELOPER_FRAMEWORKS_DIR)",
				);
				GCC_PRECOMPILE_PREFIX_HEADER = YES;
				GCC_PREFIX_HEADER = "PrivateFolder/PrivateFolder-Prefix.pch";
				INFOPLIST_FILE = "PrivateFolderTests/PrivateFolderTests-Info.plist";
				PRODUCT_NAME = "$(TARGET_NAME)";
				TEST_HOST = "$(BUNDLE_LOADER)";
				WRAPPER_EXTENSION = xctest;
			};
			name = Release;
		};
/* End XCBuildConfiguration section */

/* Begin XCConfigurationList section */
		86DC3B0A1952423300D1184E /* Build configuration list for PBXProject "PrivateFolder" */ = {
			isa = XCConfigurationList;
			buildConfigurations = (
				86DC3B3F1952423300D1184E /* Debug */,
				86DC3B401952423300D1184E /* Release */,
			);
			defaultConfigurationIsVisible = 0;
			defaultConfigurationName = Release;
		};
		86DC3B411952423300D1184E /* Build configuration list for PBXNativeTarget "PrivateFolder" */ = {
			isa = XCConfigurationList;
			buildConfigurations = (
				86DC3B421952423300D1184E /* Debug */,
				86DC3B431952423300D1184E /* Release */,
			);
			defaultConfigurationIsVisible = 0;
		};
		86DC3B441952423300D1184E /* Build configuration list for PBXNativeTarget "PrivateFolderTests" */ = {
			isa = XCConfigurationList;
			buildConfigurations = (
				86DC3B451952423300D1184E /* Debug */,
				86DC3B461952423300D1184E /* Release */,
			);
			defaultConfigurationIsVisible = 0;
		};
/* End XCConfigurationList section */
	};
	rootObject = 86DC3B071952423300D1184E /* Project object */;
}
